// !$*UTF8*$!
{
	archiveVersion = 1;
	classes = {
	};
	objectVersion = 56;
	objects = {

/* Begin PBXBuildFile section */
		BC1B6A5D2C05FED000B6DFD4 /* Listing.swift in Sources */ = {isa = PBXBuildFile; fileRef = BC1B6A5C2C05FED000B6DFD4 /* Listing.swift */; };
		BC1B6A5F2C06149600B6DFD4 /* DeveloperPreview.swift in Sources */ = {isa = PBXBuildFile; fileRef = BC1B6A5E2C06149600B6DFD4 /* DeveloperPreview.swift */; };
		BC1B6A642C061ADB00B6DFD4 /* ExploreViewModel.swift in Sources */ = {isa = PBXBuildFile; fileRef = BC1B6A632C061ADB00B6DFD4 /* ExploreViewModel.swift */; };
		BC1B6A662C061B5A00B6DFD4 /* ExploreService.swift in Sources */ = {isa = PBXBuildFile; fileRef = BC1B6A652C061B5A00B6DFD4 /* ExploreService.swift */; };
		BC1B6A682C06287600B6DFD4 /* Regions.swift in Sources */ = {isa = PBXBuildFile; fileRef = BC1B6A672C06287600B6DFD4 /* Regions.swift */; };
		BC2AFE8D2C050A6E00A011A0 /* ProfileView.swift in Sources */ = {isa = PBXBuildFile; fileRef = BC2AFE8C2C050A6E00A011A0 /* ProfileView.swift */; };
		BC2AFE8F2C0548C700A011A0 /* ProfileOptionRowView.swift in Sources */ = {isa = PBXBuildFile; fileRef = BC2AFE8E2C0548C700A011A0 /* ProfileOptionRowView.swift */; };
		BC2AFE932C054B5C00A011A0 /* WishlistView.swift in Sources */ = {isa = PBXBuildFile; fileRef = BC2AFE922C054B5C00A011A0 /* WishlistView.swift */; };
		BC2AFE972C054DC100A011A0 /* MainTabView.swift in Sources */ = {isa = PBXBuildFile; fileRef = BC2AFE962C054DC100A011A0 /* MainTabView.swift */; };
		BC5826C32C01E625004E294B /* AirbnbApp.swift in Sources */ = {isa = PBXBuildFile; fileRef = BC5826C22C01E625004E294B /* AirbnbApp.swift */; };
		BC5826C52C01E625004E294B /* ContentView.swift in Sources */ = {isa = PBXBuildFile; fileRef = BC5826C42C01E625004E294B /* ContentView.swift */; };
		BC5826C72C01E627004E294B /* Assets.xcassets in Resources */ = {isa = PBXBuildFile; fileRef = BC5826C62C01E627004E294B /* Assets.xcassets */; };
		BC5826CA2C01E627004E294B /* Preview Assets.xcassets in Resources */ = {isa = PBXBuildFile; fileRef = BC5826C92C01E627004E294B /* Preview Assets.xcassets */; };
		BC5826D42C01E627004E294B /* AirbnbTests.swift in Sources */ = {isa = PBXBuildFile; fileRef = BC5826D32C01E627004E294B /* AirbnbTests.swift */; };
		BC5826DE2C01E627004E294B /* AirbnbUITests.swift in Sources */ = {isa = PBXBuildFile; fileRef = BC5826DD2C01E627004E294B /* AirbnbUITests.swift */; };
		BC5826E02C01E627004E294B /* AirbnbUITestsLaunchTests.swift in Sources */ = {isa = PBXBuildFile; fileRef = BC5826DF2C01E627004E294B /* AirbnbUITestsLaunchTests.swift */; };
		BC5826FA2C01E825004E294B /* ExploreView.swift in Sources */ = {isa = PBXBuildFile; fileRef = BC5826F92C01E825004E294B /* ExploreView.swift */; };
		BC5826FC2C01E965004E294B /* ListingItemView.swift in Sources */ = {isa = PBXBuildFile; fileRef = BC5826FB2C01E965004E294B /* ListingItemView.swift */; };
		BC5827002C01F546004E294B /* SearchAndFilterBar.swift in Sources */ = {isa = PBXBuildFile; fileRef = BC5826FF2C01F546004E294B /* SearchAndFilterBar.swift */; };
		BC5827022C01F8ED004E294B /* ListingDetailView.swift in Sources */ = {isa = PBXBuildFile; fileRef = BC5827012C01F8ED004E294B /* ListingDetailView.swift */; };
		BC5827052C01F9B6004E294B /* ListingImageCarouselView.swift in Sources */ = {isa = PBXBuildFile; fileRef = BC5827042C01F9B6004E294B /* ListingImageCarouselView.swift */; };
		BC96379D2C03733B0019DFD1 /* DestinationSerchView.swift in Sources */ = {isa = PBXBuildFile; fileRef = BC96379C2C03733A0019DFD1 /* DestinationSerchView.swift */; };
/* End PBXBuildFile section */

/* Begin PBXContainerItemProxy section */
		BC5826D02C01E627004E294B /* PBXContainerItemProxy */ = {
			isa = PBXContainerItemProxy;
			containerPortal = BC5826B72C01E625004E294B /* Project object */;
			proxyType = 1;
			remoteGlobalIDString = BC5826BE2C01E625004E294B;
			remoteInfo = Airbnb;
		};
		BC5826DA2C01E627004E294B /* PBXContainerItemProxy */ = {
			isa = PBXContainerItemProxy;
			containerPortal = BC5826B72C01E625004E294B /* Project object */;
			proxyType = 1;
			remoteGlobalIDString = BC5826BE2C01E625004E294B;
			remoteInfo = Airbnb;
		};
/* End PBXContainerItemProxy section */

/* Begin PBXFileReference section */
		BC1B6A5C2C05FED000B6DFD4 /* Listing.swift */ = {isa = PBXFileReference; lastKnownFileType = sourcecode.swift; path = Listing.swift; sourceTree = "<group>"; };
		BC1B6A5E2C06149600B6DFD4 /* DeveloperPreview.swift */ = {isa = PBXFileReference; lastKnownFileType = sourcecode.swift; path = DeveloperPreview.swift; sourceTree = "<group>"; };
		BC1B6A632C061ADB00B6DFD4 /* ExploreViewModel.swift */ = {isa = PBXFileReference; lastKnownFileType = sourcecode.swift; path = ExploreViewModel.swift; sourceTree = "<group>"; };
		BC1B6A652C061B5A00B6DFD4 /* ExploreService.swift */ = {isa = PBXFileReference; lastKnownFileType = sourcecode.swift; path = ExploreService.swift; sourceTree = "<group>"; };
		BC1B6A672C06287600B6DFD4 /* Regions.swift */ = {isa = PBXFileReference; lastKnownFileType = sourcecode.swift; path = Regions.swift; sourceTree = "<group>"; };
		BC2AFE8C2C050A6E00A011A0 /* ProfileView.swift */ = {isa = PBXFileReference; lastKnownFileType = sourcecode.swift; path = ProfileView.swift; sourceTree = "<group>"; };
		BC2AFE8E2C0548C700A011A0 /* ProfileOptionRowView.swift */ = {isa = PBXFileReference; lastKnownFileType = sourcecode.swift; path = ProfileOptionRowView.swift; sourceTree = "<group>"; };
		BC2AFE922C054B5C00A011A0 /* WishlistView.swift */ = {isa = PBXFileReference; lastKnownFileType = sourcecode.swift; path = WishlistView.swift; sourceTree = "<group>"; };
		BC2AFE962C054DC100A011A0 /* MainTabView.swift */ = {isa = PBXFileReference; lastKnownFileType = sourcecode.swift; path = MainTabView.swift; sourceTree = "<group>"; };
		BC5826BF2C01E625004E294B /* Airbnb.app */ = {isa = PBXFileReference; explicitFileType = wrapper.application; includeInIndex = 0; path = Airbnb.app; sourceTree = BUILT_PRODUCTS_DIR; };
		BC5826C22C01E625004E294B /* AirbnbApp.swift */ = {isa = PBXFileReference; lastKnownFileType = sourcecode.swift; path = AirbnbApp.swift; sourceTree = "<group>"; };
		BC5826C42C01E625004E294B /* ContentView.swift */ = {isa = PBXFileReference; lastKnownFileType = sourcecode.swift; path = ContentView.swift; sourceTree = "<group>"; };
		BC5826C62C01E627004E294B /* Assets.xcassets */ = {isa = PBXFileReference; lastKnownFileType = folder.assetcatalog; path = Assets.xcassets; sourceTree = "<group>"; };
		BC5826C92C01E627004E294B /* Preview Assets.xcassets */ = {isa = PBXFileReference; lastKnownFileType = folder.assetcatalog; path = "Preview Assets.xcassets"; sourceTree = "<group>"; };
		BC5826CF2C01E627004E294B /* AirbnbTests.xctest */ = {isa = PBXFileReference; explicitFileType = wrapper.cfbundle; includeInIndex = 0; path = AirbnbTests.xctest; sourceTree = BUILT_PRODUCTS_DIR; };
		BC5826D32C01E627004E294B /* AirbnbTests.swift */ = {isa = PBXFileReference; lastKnownFileType = sourcecode.swift; path = AirbnbTests.swift; sourceTree = "<group>"; };
		BC5826D92C01E627004E294B /* AirbnbUITests.xctest */ = {isa = PBXFileReference; explicitFileType = wrapper.cfbundle; includeInIndex = 0; path = AirbnbUITests.xctest; sourceTree = BUILT_PRODUCTS_DIR; };
		BC5826DD2C01E627004E294B /* AirbnbUITests.swift */ = {isa = PBXFileReference; lastKnownFileType = sourcecode.swift; path = AirbnbUITests.swift; sourceTree = "<group>"; };
		BC5826DF2C01E627004E294B /* AirbnbUITestsLaunchTests.swift */ = {isa = PBXFileReference; lastKnownFileType = sourcecode.swift; path = AirbnbUITestsLaunchTests.swift; sourceTree = "<group>"; };
		BC5826F92C01E825004E294B /* ExploreView.swift */ = {isa = PBXFileReference; lastKnownFileType = sourcecode.swift; path = ExploreView.swift; sourceTree = "<group>"; };
		BC5826FB2C01E965004E294B /* ListingItemView.swift */ = {isa = PBXFileReference; lastKnownFileType = sourcecode.swift; path = ListingItemView.swift; sourceTree = "<group>"; };
		BC5826FF2C01F546004E294B /* SearchAndFilterBar.swift */ = {isa = PBXFileReference; lastKnownFileType = sourcecode.swift; path = SearchAndFilterBar.swift; sourceTree = "<group>"; };
		BC5827012C01F8ED004E294B /* ListingDetailView.swift */ = {isa = PBXFileReference; lastKnownFileType = sourcecode.swift; path = ListingDetailView.swift; sourceTree = "<group>"; };
		BC5827042C01F9B6004E294B /* ListingImageCarouselView.swift */ = {isa = PBXFileReference; lastKnownFileType = sourcecode.swift; path = ListingImageCarouselView.swift; sourceTree = "<group>"; };
		BC96379C2C03733A0019DFD1 /* DestinationSerchView.swift */ = {isa = PBXFileReference; lastKnownFileType = sourcecode.swift; path = DestinationSerchView.swift; sourceTree = "<group>"; };
/* End PBXFileReference section */

/* Begin PBXFrameworksBuildPhase section */
		BC5826BC2C01E625004E294B /* Frameworks */ = {
			isa = PBXFrameworksBuildPhase;
			buildActionMask = 2147483647;
			files = (
			);
			runOnlyForDeploymentPostprocessing = 0;
		};
		BC5826CC2C01E627004E294B /* Frameworks */ = {
			isa = PBXFrameworksBuildPhase;
			buildActionMask = 2147483647;
			files = (
			);
			runOnlyForDeploymentPostprocessing = 0;
		};
		BC5826D62C01E627004E294B /* Frameworks */ = {
			isa = PBXFrameworksBuildPhase;
			buildActionMask = 2147483647;
			files = (
			);
			runOnlyForDeploymentPostprocessing = 0;
		};
/* End PBXFrameworksBuildPhase section */

/* Begin PBXGroup section */
		BC1B6A5A2C05FEA700B6DFD4 /* View */ = {
			isa = PBXGroup;
			children = (
				BC5826FB2C01E965004E294B /* ListingItemView.swift */,
				BC5827012C01F8ED004E294B /* ListingDetailView.swift */,
			);
			path = View;
			sourceTree = "<group>";
		};
		BC1B6A5B2C05FEB600B6DFD4 /* Model */ = {
			isa = PBXGroup;
			children = (
				BC1B6A5C2C05FED000B6DFD4 /* Listing.swift */,
			);
			path = Model;
			sourceTree = "<group>";
		};
		BC1B6A602C061A8200B6DFD4 /* ViewModel */ = {
			isa = PBXGroup;
			children = (
				BC1B6A632C061ADB00B6DFD4 /* ExploreViewModel.swift */,
			);
			path = ViewModel;
			sourceTree = "<group>";
		};
		BC1B6A612C061A8600B6DFD4 /* View */ = {
			isa = PBXGroup;
			children = (
				BC5826F92C01E825004E294B /* ExploreView.swift */,
				BC5826FF2C01F546004E294B /* SearchAndFilterBar.swift */,
				BC96379C2C03733A0019DFD1 /* DestinationSerchView.swift */,
			);
			path = View;
			sourceTree = "<group>";
		};
		BC1B6A622C061A8900B6DFD4 /* Service */ = {
			isa = PBXGroup;
			children = (
				BC1B6A652C061B5A00B6DFD4 /* ExploreService.swift */,
			);
			path = Service;
			sourceTree = "<group>";
		};
		BC5826B62C01E625004E294B = {
			isa = PBXGroup;
			children = (
				BC5826C12C01E625004E294B /* Airbnb */,
				BC5826D22C01E627004E294B /* AirbnbTests */,
				BC5826DC2C01E627004E294B /* AirbnbUITests */,
				BC5826C02C01E625004E294B /* Products */,
			);
			sourceTree = "<group>";
		};
		BC5826C02C01E625004E294B /* Products */ = {
			isa = PBXGroup;
			children = (
				BC5826BF2C01E625004E294B /* Airbnb.app */,
				BC5826CF2C01E627004E294B /* AirbnbTests.xctest */,
				BC5826D92C01E627004E294B /* AirbnbUITests.xctest */,
			);
			name = Products;
			sourceTree = "<group>";
		};
		BC5826C12C01E625004E294B /* Airbnb */ = {
			isa = PBXGroup;
			children = (
				BC5826F02C01E674004E294B /* App */,
				BC5826EF2C01E672004E294B /* Core */,
				BC5826EE2C01E670004E294B /* Extentions */,
				BC5826EC2C01E65F004E294B /* Models */,
				BC5826F12C01E6B3004E294B /* Utils */,
				BC5826C62C01E627004E294B /* Assets.xcassets */,
				BC5826C82C01E627004E294B /* Preview Content */,
			);
			path = Airbnb;
			sourceTree = "<group>";
		};
		BC5826C82C01E627004E294B /* Preview Content */ = {
			isa = PBXGroup;
			children = (
				BC5826C42C01E625004E294B /* ContentView.swift */,
				BC5826C92C01E627004E294B /* Preview Assets.xcassets */,
			);
			path = "Preview Content";
			sourceTree = "<group>";
		};
		BC5826D22C01E627004E294B /* AirbnbTests */ = {
			isa = PBXGroup;
			children = (
				BC5826D32C01E627004E294B /* AirbnbTests.swift */,
			);
			path = AirbnbTests;
			sourceTree = "<group>";
		};
		BC5826DC2C01E627004E294B /* AirbnbUITests */ = {
			isa = PBXGroup;
			children = (
				BC5826DD2C01E627004E294B /* AirbnbUITests.swift */,
				BC5826DF2C01E627004E294B /* AirbnbUITestsLaunchTests.swift */,
			);
			path = AirbnbUITests;
			sourceTree = "<group>";
		};
		BC5826EC2C01E65F004E294B /* Models */ = {
			isa = PBXGroup;
			children = (
			);
			path = Models;
			sourceTree = "<group>";
		};
		BC5826EE2C01E670004E294B /* Extentions */ = {
			isa = PBXGroup;
			children = (
				BC1B6A5E2C06149600B6DFD4 /* DeveloperPreview.swift */,
				BC1B6A672C06287600B6DFD4 /* Regions.swift */,
			);
			path = Extentions;
			sourceTree = "<group>";
		};
		BC5826EF2C01E672004E294B /* Core */ = {
			isa = PBXGroup;
			children = (
				BC5827032C01F96D004E294B /* Components */,
				BC5826F22C01E75A004E294B /* Explore */,
				BC5826F32C01E762004E294B /* Listings */,
				BC5826F42C01E768004E294B /* MapView */,
				BC5826F52C01E777004E294B /* Profile */,
				BC5826F62C01E77D004E294B /* Root */,
				BC5826F72C01E78A004E294B /* TabBar */,
				BC5826F82C01E794004E294B /* Wishlists */,
			);
			path = Core;
			sourceTree = "<group>";
		};
		BC5826F02C01E674004E294B /* App */ = {
			isa = PBXGroup;
			children = (
				BC5826C22C01E625004E294B /* AirbnbApp.swift */,
			);
			path = App;
			sourceTree = "<group>";
		};
		BC5826F12C01E6B3004E294B /* Utils */ = {
			isa = PBXGroup;
			children = (
			);
			path = Utils;
			sourceTree = "<group>";
		};
		BC5826F22C01E75A004E294B /* Explore */ = {
			isa = PBXGroup;
			children = (
				BC1B6A622C061A8900B6DFD4 /* Service */,
				BC1B6A612C061A8600B6DFD4 /* View */,
				BC1B6A602C061A8200B6DFD4 /* ViewModel */,
			);
			path = Explore;
			sourceTree = "<group>";
		};
		BC5826F32C01E762004E294B /* Listings */ = {
			isa = PBXGroup;
			children = (
				BC1B6A5B2C05FEB600B6DFD4 /* Model */,
				BC1B6A5A2C05FEA700B6DFD4 /* View */,
			);
			path = Listings;
			sourceTree = "<group>";
		};
		BC5826F42C01E768004E294B /* MapView */ = {
			isa = PBXGroup;
			children = (
			);
			path = MapView;
			sourceTree = "<group>";
		};
		BC5826F52C01E777004E294B /* Profile */ = {
			isa = PBXGroup;
			children = (
				BC2AFE8C2C050A6E00A011A0 /* ProfileView.swift */,
				BC2AFE8E2C0548C700A011A0 /* ProfileOptionRowView.swift */,
			);
			path = Profile;
			sourceTree = "<group>";
		};
		BC5826F62C01E77D004E294B /* Root */ = {
			isa = PBXGroup;
			children = (
			);
			path = Root;
			sourceTree = "<group>";
		};
		BC5826F72C01E78A004E294B /* TabBar */ = {
			isa = PBXGroup;
			children = (
				BC2AFE962C054DC100A011A0 /* MainTabView.swift */,
			);
			path = TabBar;
			sourceTree = "<group>";
		};
		BC5826F82C01E794004E294B /* Wishlists */ = {
			isa = PBXGroup;
			children = (
				BC2AFE922C054B5C00A011A0 /* WishlistView.swift */,
			);
			path = Wishlists;
			sourceTree = "<group>";
		};
		BC5827032C01F96D004E294B /* Components */ = {
			isa = PBXGroup;
			children = (
				BC5827042C01F9B6004E294B /* ListingImageCarouselView.swift */,
			);
			path = Components;
			sourceTree = "<group>";
		};
/* End PBXGroup section */

/* Begin PBXNativeTarget section */
		BC5826BE2C01E625004E294B /* Airbnb */ = {
			isa = PBXNativeTarget;
			buildConfigurationList = BC5826E32C01E627004E294B /* Build configuration list for PBXNativeTarget "Airbnb" */;
			buildPhases = (
				BC5826BB2C01E625004E294B /* Sources */,
				BC5826BC2C01E625004E294B /* Frameworks */,
				BC5826BD2C01E625004E294B /* Resources */,
			);
			buildRules = (
			);
			dependencies = (
			);
			name = Airbnb;
			productName = Airbnb;
			productReference = BC5826BF2C01E625004E294B /* Airbnb.app */;
			productType = "com.apple.product-type.application";
		};
		BC5826CE2C01E627004E294B /* AirbnbTests */ = {
			isa = PBXNativeTarget;
			buildConfigurationList = BC5826E62C01E627004E294B /* Build configuration list for PBXNativeTarget "AirbnbTests" */;
			buildPhases = (
				BC5826CB2C01E627004E294B /* Sources */,
				BC5826CC2C01E627004E294B /* Frameworks */,
				BC5826CD2C01E627004E294B /* Resources */,
			);
			buildRules = (
			);
			dependencies = (
				BC5826D12C01E627004E294B /* PBXTargetDependency */,
			);
			name = AirbnbTests;
			productName = AirbnbTests;
			productReference = BC5826CF2C01E627004E294B /* AirbnbTests.xctest */;
			productType = "com.apple.product-type.bundle.unit-test";
		};
		BC5826D82C01E627004E294B /* AirbnbUITests */ = {
			isa = PBXNativeTarget;
			buildConfigurationList = BC5826E92C01E627004E294B /* Build configuration list for PBXNativeTarget "AirbnbUITests" */;
			buildPhases = (
				BC5826D52C01E627004E294B /* Sources */,
				BC5826D62C01E627004E294B /* Frameworks */,
				BC5826D72C01E627004E294B /* Resources */,
			);
			buildRules = (
			);
			dependencies = (
				BC5826DB2C01E627004E294B /* PBXTargetDependency */,
			);
			name = AirbnbUITests;
			productName = AirbnbUITests;
			productReference = BC5826D92C01E627004E294B /* AirbnbUITests.xctest */;
			productType = "com.apple.product-type.bundle.ui-testing";
		};
/* End PBXNativeTarget section */

/* Begin PBXProject section */
		BC5826B72C01E625004E294B /* Project object */ = {
			isa = PBXProject;
			attributes = {
				BuildIndependentTargetsInParallel = 1;
				LastSwiftUpdateCheck = 1530;
				LastUpgradeCheck = 1530;
				TargetAttributes = {
					BC5826BE2C01E625004E294B = {
						CreatedOnToolsVersion = 15.3;
					};
					BC5826CE2C01E627004E294B = {
						CreatedOnToolsVersion = 15.3;
						TestTargetID = BC5826BE2C01E625004E294B;
					};
					BC5826D82C01E627004E294B = {
						CreatedOnToolsVersion = 15.3;
						TestTargetID = BC5826BE2C01E625004E294B;
					};
				};
			};
			buildConfigurationList = BC5826BA2C01E625004E294B /* Build configuration list for PBXProject "Airbnb" */;
			compatibilityVersion = "Xcode 14.0";
			developmentRegion = en;
			hasScannedForEncodings = 0;
			knownRegions = (
				en,
				Base,
			);
			mainGroup = BC5826B62C01E625004E294B;
			productRefGroup = BC5826C02C01E625004E294B /* Products */;
			projectDirPath = "";
			projectRoot = "";
			targets = (
				BC5826BE2C01E625004E294B /* Airbnb */,
				BC5826CE2C01E627004E294B /* AirbnbTests */,
				BC5826D82C01E627004E294B /* AirbnbUITests */,
			);
		};
/* End PBXProject section */

/* Begin PBXResourcesBuildPhase section */
		BC5826BD2C01E625004E294B /* Resources */ = {
			isa = PBXResourcesBuildPhase;
			buildActionMask = 2147483647;
			files = (
				BC5826CA2C01E627004E294B /* Preview Assets.xcassets in Resources */,
				BC5826C72C01E627004E294B /* Assets.xcassets in Resources */,
			);
			runOnlyForDeploymentPostprocessing = 0;
		};
		BC5826CD2C01E627004E294B /* Resources */ = {
			isa = PBXResourcesBuildPhase;
			buildActionMask = 2147483647;
			files = (
			);
			runOnlyForDeploymentPostprocessing = 0;
		};
		BC5826D72C01E627004E294B /* Resources */ = {
			isa = PBXResourcesBuildPhase;
			buildActionMask = 2147483647;
			files = (
			);
			runOnlyForDeploymentPostprocessing = 0;
		};
/* End PBXResourcesBuildPhase section */

/* Begin PBXSourcesBuildPhase section */
		BC5826BB2C01E625004E294B /* Sources */ = {
			isa = PBXSourcesBuildPhase;
			buildActionMask = 2147483647;
			files = (
				BC5827052C01F9B6004E294B /* ListingImageCarouselView.swift in Sources */,
				BC2AFE8D2C050A6E00A011A0 /* ProfileView.swift in Sources */,
				BC2AFE8F2C0548C700A011A0 /* ProfileOptionRowView.swift in Sources */,
				BC5826C52C01E625004E294B /* ContentView.swift in Sources */,
				BC5826FC2C01E965004E294B /* ListingItemView.swift in Sources */,
				BC5826FA2C01E825004E294B /* ExploreView.swift in Sources */,
				BC1B6A642C061ADB00B6DFD4 /* ExploreViewModel.swift in Sources */,
				BC1B6A682C06287600B6DFD4 /* Regions.swift in Sources */,
				BC5827002C01F546004E294B /* SearchAndFilterBar.swift in Sources */,
				BC1B6A5D2C05FED000B6DFD4 /* Listing.swift in Sources */,
				BC2AFE932C054B5C00A011A0 /* WishlistView.swift in Sources */,
				BC5827022C01F8ED004E294B /* ListingDetailView.swift in Sources */,
				BC5826C32C01E625004E294B /* AirbnbApp.swift in Sources */,
				BC96379D2C03733B0019DFD1 /* DestinationSerchView.swift in Sources */,
				BC2AFE972C054DC100A011A0 /* MainTabView.swift in Sources */,
				BC1B6A5F2C06149600B6DFD4 /* DeveloperPreview.swift in Sources */,
				BC1B6A662C061B5A00B6DFD4 /* ExploreService.swift in Sources */,
			);
			runOnlyForDeploymentPostprocessing = 0;
		};
		BC5826CB2C01E627004E294B /* Sources */ = {
			isa = PBXSourcesBuildPhase;
			buildActionMask = 2147483647;
			files = (
				BC5826D42C01E627004E294B /* AirbnbTests.swift in Sources */,
			);
			runOnlyForDeploymentPostprocessing = 0;
		};
		BC5826D52C01E627004E294B /* Sources */ = {
			isa = PBXSourcesBuildPhase;
			buildActionMask = 2147483647;
			files = (
				BC5826E02C01E627004E294B /* AirbnbUITestsLaunchTests.swift in Sources */,
				BC5826DE2C01E627004E294B /* AirbnbUITests.swift in Sources */,
			);
			runOnlyForDeploymentPostprocessing = 0;
		};
/* End PBXSourcesBuildPhase section */

/* Begin PBXTargetDependency section */
		BC5826D12C01E627004E294B /* PBXTargetDependency */ = {
			isa = PBXTargetDependency;
			target = BC5826BE2C01E625004E294B /* Airbnb */;
			targetProxy = BC5826D02C01E627004E294B /* PBXContainerItemProxy */;
		};
		BC5826DB2C01E627004E294B /* PBXTargetDependency */ = {
			isa = PBXTargetDependency;
			target = BC5826BE2C01E625004E294B /* Airbnb */;
			targetProxy = BC5826DA2C01E627004E294B /* PBXContainerItemProxy */;
		};
/* End PBXTargetDependency section */

/* Begin XCBuildConfiguration section */
		BC5826E12C01E627004E294B /* Debug */ = {
			isa = XCBuildConfiguration;
			buildSettings = {
				ALWAYS_SEARCH_USER_PATHS = NO;
				ASSETCATALOG_COMPILER_GENERATE_SWIFT_ASSET_SYMBOL_EXTENSIONS = YES;
				CLANG_ANALYZER_NONNULL = YES;
				CLANG_ANALYZER_NUMBER_OBJECT_CONVERSION = YES_AGGRESSIVE;
				CLANG_CXX_LANGUAGE_STANDARD = "gnu++20";
				CLANG_ENABLE_MODULES = YES;
				CLANG_ENABLE_OBJC_ARC = YES;
				CLANG_ENABLE_OBJC_WEAK = YES;
				CLANG_WARN_BLOCK_CAPTURE_AUTORELEASING = YES;
				CLANG_WARN_BOOL_CONVERSION = YES;
				CLANG_WARN_COMMA = YES;
				CLANG_WARN_CONSTANT_CONVERSION = YES;
				CLANG_WARN_DEPRECATED_OBJC_IMPLEMENTATIONS = YES;
				CLANG_WARN_DIRECT_OBJC_ISA_USAGE = YES_ERROR;
				CLANG_WARN_DOCUMENTATION_COMMENTS = YES;
				CLANG_WARN_EMPTY_BODY = YES;
				CLANG_WARN_ENUM_CONVERSION = YES;
				CLANG_WARN_INFINITE_RECURSION = YES;
				CLANG_WARN_INT_CONVERSION = YES;
				CLANG_WARN_NON_LITERAL_NULL_CONVERSION = YES;
				CLANG_WARN_OBJC_IMPLICIT_RETAIN_SELF = YES;
				CLANG_WARN_OBJC_LITERAL_CONVERSION = YES;
				CLANG_WARN_OBJC_ROOT_CLASS = YES_ERROR;
				CLANG_WARN_QUOTED_INCLUDE_IN_FRAMEWORK_HEADER = YES;
				CLANG_WARN_RANGE_LOOP_ANALYSIS = YES;
				CLANG_WARN_STRICT_PROTOTYPES = YES;
				CLANG_WARN_SUSPICIOUS_MOVE = YES;
				CLANG_WARN_UNGUARDED_AVAILABILITY = YES_AGGRESSIVE;
				CLANG_WARN_UNREACHABLE_CODE = YES;
				CLANG_WARN__DUPLICATE_METHOD_MATCH = YES;
				COPY_PHASE_STRIP = NO;
				DEBUG_INFORMATION_FORMAT = dwarf;
				ENABLE_STRICT_OBJC_MSGSEND = YES;
				ENABLE_TESTABILITY = YES;
				ENABLE_USER_SCRIPT_SANDBOXING = YES;
				GCC_C_LANGUAGE_STANDARD = gnu17;
				GCC_DYNAMIC_NO_PIC = NO;
				GCC_NO_COMMON_BLOCKS = YES;
				GCC_OPTIMIZATION_LEVEL = 0;
				GCC_PREPROCESSOR_DEFINITIONS = (
					"DEBUG=1",
					"$(inherited)",
				);
				GCC_WARN_64_TO_32_BIT_CONVERSION = YES;
				GCC_WARN_ABOUT_RETURN_TYPE = YES_ERROR;
				GCC_WARN_UNDECLARED_SELECTOR = YES;
				GCC_WARN_UNINITIALIZED_AUTOS = YES_AGGRESSIVE;
				GCC_WARN_UNUSED_FUNCTION = YES;
				GCC_WARN_UNUSED_VARIABLE = YES;
				IPHONEOS_DEPLOYMENT_TARGET = 17.4;
				LOCALIZATION_PREFERS_STRING_CATALOGS = YES;
				MTL_ENABLE_DEBUG_INFO = INCLUDE_SOURCE;
				MTL_FAST_MATH = YES;
				ONLY_ACTIVE_ARCH = YES;
				SDKROOT = iphoneos;
				SWIFT_ACTIVE_COMPILATION_CONDITIONS = "DEBUG $(inherited)";
				SWIFT_OPTIMIZATION_LEVEL = "-Onone";
			};
			name = Debug;
		};
		BC5826E22C01E627004E294B /* Release */ = {
			isa = XCBuildConfiguration;
			buildSettings = {
				ALWAYS_SEARCH_USER_PATHS = NO;
				ASSETCATALOG_COMPILER_GENERATE_SWIFT_ASSET_SYMBOL_EXTENSIONS = YES;
				CLANG_ANALYZER_NONNULL = YES;
				CLANG_ANALYZER_NUMBER_OBJECT_CONVERSION = YES_AGGRESSIVE;
				CLANG_CXX_LANGUAGE_STANDARD = "gnu++20";
				CLANG_ENABLE_MODULES = YES;
				CLANG_ENABLE_OBJC_ARC = YES;
				CLANG_ENABLE_OBJC_WEAK = YES;
				CLANG_WARN_BLOCK_CAPTURE_AUTORELEASING = YES;
				CLANG_WARN_BOOL_CONVERSION = YES;
				CLANG_WARN_COMMA = YES;
				CLANG_WARN_CONSTANT_CONVERSION = YES;
				CLANG_WARN_DEPRECATED_OBJC_IMPLEMENTATIONS = YES;
				CLANG_WARN_DIRECT_OBJC_ISA_USAGE = YES_ERROR;
				CLANG_WARN_DOCUMENTATION_COMMENTS = YES;
				CLANG_WARN_EMPTY_BODY = YES;
				CLANG_WARN_ENUM_CONVERSION = YES;
				CLANG_WARN_INFINITE_RECURSION = YES;
				CLANG_WARN_INT_CONVERSION = YES;
				CLANG_WARN_NON_LITERAL_NULL_CONVERSION = YES;
				CLANG_WARN_OBJC_IMPLICIT_RETAIN_SELF = YES;
				CLANG_WARN_OBJC_LITERAL_CONVERSION = YES;
				CLANG_WARN_OBJC_ROOT_CLASS = YES_ERROR;
				CLANG_WARN_QUOTED_INCLUDE_IN_FRAMEWORK_HEADER = YES;
				CLANG_WARN_RANGE_LOOP_ANALYSIS = YES;
				CLANG_WARN_STRICT_PROTOTYPES = YES;
				CLANG_WARN_SUSPICIOUS_MOVE = YES;
				CLANG_WARN_UNGUARDED_AVAILABILITY = YES_AGGRESSIVE;
				CLANG_WARN_UNREACHABLE_CODE = YES;
				CLANG_WARN__DUPLICATE_METHOD_MATCH = YES;
				COPY_PHASE_STRIP = NO;
				DEBUG_INFORMATION_FORMAT = "dwarf-with-dsym";
				ENABLE_NS_ASSERTIONS = NO;
				ENABLE_STRICT_OBJC_MSGSEND = YES;
				ENABLE_USER_SCRIPT_SANDBOXING = YES;
				GCC_C_LANGUAGE_STANDARD = gnu17;
				GCC_NO_COMMON_BLOCKS = YES;
				GCC_WARN_64_TO_32_BIT_CONVERSION = YES;
				GCC_WARN_ABOUT_RETURN_TYPE = YES_ERROR;
				GCC_WARN_UNDECLARED_SELECTOR = YES;
				GCC_WARN_UNINITIALIZED_AUTOS = YES_AGGRESSIVE;
				GCC_WARN_UNUSED_FUNCTION = YES;
				GCC_WARN_UNUSED_VARIABLE = YES;
				IPHONEOS_DEPLOYMENT_TARGET = 17.4;
				LOCALIZATION_PREFERS_STRING_CATALOGS = YES;
				MTL_ENABLE_DEBUG_INFO = NO;
				MTL_FAST_MATH = YES;
				SDKROOT = iphoneos;
				SWIFT_COMPILATION_MODE = wholemodule;
				VALIDATE_PRODUCT = YES;
			};
			name = Release;
		};
		BC5826E42C01E627004E294B /* Debug */ = {
			isa = XCBuildConfiguration;
			buildSettings = {
				ASSETCATALOG_COMPILER_APPICON_NAME = AppIcon;
				ASSETCATALOG_COMPILER_GLOBAL_ACCENT_COLOR_NAME = AccentColor;
				CODE_SIGN_STYLE = Automatic;
				CURRENT_PROJECT_VERSION = 1;
				DEVELOPMENT_ASSET_PATHS = "\"Airbnb/Preview Content\"";
				ENABLE_PREVIEWS = YES;
				GENERATE_INFOPLIST_FILE = YES;
				INFOPLIST_KEY_UIApplicationSceneManifest_Generation = YES;
				INFOPLIST_KEY_UIApplicationSupportsIndirectInputEvents = YES;
				INFOPLIST_KEY_UILaunchScreen_Generation = YES;
				INFOPLIST_KEY_UISupportedInterfaceOrientations_iPad = "UIInterfaceOrientationPortrait UIInterfaceOrientationPortraitUpsideDown UIInterfaceOrientationLandscapeLeft UIInterfaceOrientationLandscapeRight";
				INFOPLIST_KEY_UISupportedInterfaceOrientations_iPhone = "UIInterfaceOrientationPortrait UIInterfaceOrientationLandscapeLeft UIInterfaceOrientationLandscapeRight";
				LD_RUNPATH_SEARCH_PATHS = (
					"$(inherited)",
					"@executable_path/Frameworks",
				);
				MARKETING_VERSION = 1.0;
				PRODUCT_BUNDLE_IDENTIFIER = test1.Airbnb;
				PRODUCT_NAME = "$(TARGET_NAME)";
				SWIFT_EMIT_LOC_STRINGS = YES;
				SWIFT_VERSION = 5.0;
				TARGETED_DEVICE_FAMILY = "1,2";
			};
			name = Debug;
		};
		BC5826E52C01E627004E294B /* Release */ = {
			isa = XCBuildConfiguration;
			buildSettings = {
				ASSETCATALOG_COMPILER_APPICON_NAME = AppIcon;
				ASSETCATALOG_COMPILER_GLOBAL_ACCENT_COLOR_NAME = AccentColor;
				CODE_SIGN_STYLE = Automatic;
				CURRENT_PROJECT_VERSION = 1;
				DEVELOPMENT_ASSET_PATHS = "\"Airbnb/Preview Content\"";
				ENABLE_PREVIEWS = YES;
				GENERATE_INFOPLIST_FILE = YES;
				INFOPLIST_KEY_UIApplicationSceneManifest_Generation = YES;
				INFOPLIST_KEY_UIApplicationSupportsIndirectInputEvents = YES;
				INFOPLIST_KEY_UILaunchScreen_Generation = YES;
				INFOPLIST_KEY_UISupportedInterfaceOrientations_iPad = "UIInterfaceOrientationPortrait UIInterfaceOrientationPortraitUpsideDown UIInterfaceOrientationLandscapeLeft UIInterfaceOrientationLandscapeRight";
				INFOPLIST_KEY_UISupportedInterfaceOrientations_iPhone = "UIInterfaceOrientationPortrait UIInterfaceOrientationLandscapeLeft UIInterfaceOrientationLandscapeRight";
				LD_RUNPATH_SEARCH_PATHS = (
					"$(inherited)",
					"@executable_path/Frameworks",
				);
				MARKETING_VERSION = 1.0;
				PRODUCT_BUNDLE_IDENTIFIER = test1.Airbnb;
				PRODUCT_NAME = "$(TARGET_NAME)";
				SWIFT_EMIT_LOC_STRINGS = YES;
				SWIFT_VERSION = 5.0;
				TARGETED_DEVICE_FAMILY = "1,2";
			};
			name = Release;
		};
		BC5826E72C01E627004E294B /* Debug */ = {
			isa = XCBuildConfiguration;
			buildSettings = {
				ALWAYS_EMBED_SWIFT_STANDARD_LIBRARIES = YES;
				BUNDLE_LOADER = "$(TEST_HOST)";
				CODE_SIGN_STYLE = Automatic;
				CURRENT_PROJECT_VERSION = 1;
				GENERATE_INFOPLIST_FILE = YES;
				IPHONEOS_DEPLOYMENT_TARGET = 17.4;
				MARKETING_VERSION = 1.0;
				PRODUCT_BUNDLE_IDENTIFIER = test1.AirbnbTests;
				PRODUCT_NAME = "$(TARGET_NAME)";
				SWIFT_EMIT_LOC_STRINGS = NO;
				SWIFT_VERSION = 5.0;
				TARGETED_DEVICE_FAMILY = "1,2";
				TEST_HOST = "$(BUILT_PRODUCTS_DIR)/Airbnb.app/$(BUNDLE_EXECUTABLE_FOLDER_PATH)/Airbnb";
			};
			name = Debug;
		};
		BC5826E82C01E627004E294B /* Release */ = {
			isa = XCBuildConfiguration;
			buildSettings = {
				ALWAYS_EMBED_SWIFT_STANDARD_LIBRARIES = YES;
				BUNDLE_LOADER = "$(TEST_HOST)";
				CODE_SIGN_STYLE = Automatic;
				CURRENT_PROJECT_VERSION = 1;
				GENERATE_INFOPLIST_FILE = YES;
				IPHONEOS_DEPLOYMENT_TARGET = 17.4;
				MARKETING_VERSION = 1.0;
				PRODUCT_BUNDLE_IDENTIFIER = test1.AirbnbTests;
				PRODUCT_NAME = "$(TARGET_NAME)";
				SWIFT_EMIT_LOC_STRINGS = NO;
				SWIFT_VERSION = 5.0;
				TARGETED_DEVICE_FAMILY = "1,2";
				TEST_HOST = "$(BUILT_PRODUCTS_DIR)/Airbnb.app/$(BUNDLE_EXECUTABLE_FOLDER_PATH)/Airbnb";
			};
			name = Release;
		};
		BC5826EA2C01E627004E294B /* Debug */ = {
			isa = XCBuildConfiguration;
			buildSettings = {
				ALWAYS_EMBED_SWIFT_STANDARD_LIBRARIES = YES;
				CODE_SIGN_STYLE = Automatic;
				CURRENT_PROJECT_VERSION = 1;
				GENERATE_INFOPLIST_FILE = YES;
				MARKETING_VERSION = 1.0;
				PRODUCT_BUNDLE_IDENTIFIER = test1.AirbnbUITests;
				PRODUCT_NAME = "$(TARGET_NAME)";
				SWIFT_EMIT_LOC_STRINGS = NO;
				SWIFT_VERSION = 5.0;
				TARGETED_DEVICE_FAMILY = "1,2";
				TEST_TARGET_NAME = Airbnb;
			};
			name = Debug;
		};
		BC5826EB2C01E627004E294B /* Release */ = {
			isa = XCBuildConfiguration;
			buildSettings = {
				ALWAYS_EMBED_SWIFT_STANDARD_LIBRARIES = YES;
				CODE_SIGN_STYLE = Automatic;
				CURRENT_PROJECT_VERSION = 1;
				GENERATE_INFOPLIST_FILE = YES;
				MARKETING_VERSION = 1.0;
				PRODUCT_BUNDLE_IDENTIFIER = test1.AirbnbUITests;
				PRODUCT_NAME = "$(TARGET_NAME)";
				SWIFT_EMIT_LOC_STRINGS = NO;
				SWIFT_VERSION = 5.0;
				TARGETED_DEVICE_FAMILY = "1,2";
				TEST_TARGET_NAME = Airbnb;
			};
			name = Release;
		};
/* End XCBuildConfiguration section */

/* Begin XCConfigurationList section */
		BC5826BA2C01E625004E294B /* Build configuration list for PBXProject "Airbnb" */ = {
			isa = XCConfigurationList;
			buildConfigurations = (
				BC5826E12C01E627004E294B /* Debug */,
				BC5826E22C01E627004E294B /* Release */,
			);
			defaultConfigurationIsVisible = 0;
			defaultConfigurationName = Release;
		};
		BC5826E32C01E627004E294B /* Build configuration list for PBXNativeTarget "Airbnb" */ = {
			isa = XCConfigurationList;
			buildConfigurations = (
				BC5826E42C01E627004E294B /* Debug */,
				BC5826E52C01E627004E294B /* Release */,
			);
			defaultConfigurationIsVisible = 0;
			defaultConfigurationName = Release;
		};
		BC5826E62C01E627004E294B /* Build configuration list for PBXNativeTarget "AirbnbTests" */ = {
			isa = XCConfigurationList;
			buildConfigurations = (
				BC5826E72C01E627004E294B /* Debug */,
				BC5826E82C01E627004E294B /* Release */,
			);
			defaultConfigurationIsVisible = 0;
			defaultConfigurationName = Release;
		};
		BC5826E92C01E627004E294B /* Build configuration list for PBXNativeTarget "AirbnbUITests" */ = {
			isa = XCConfigurationList;
			buildConfigurations = (
				BC5826EA2C01E627004E294B /* Debug */,
				BC5826EB2C01E627004E294B /* Release */,
			);
			defaultConfigurationIsVisible = 0;
			defaultConfigurationName = Release;
		};
/* End XCConfigurationList section */
	};
	rootObject = BC5826B72C01E625004E294B /* Project object */;
}
